
Microsoft Visual Studio Solution File, Format Version 12.00
# Visual Studio Version 17
VisualStudioVersion = 17.14.36414.22 d17.14
MinimumVisualStudioVersion = 10.0.40219.1
Project("{FAE04EC0-301F-11D3-BF4B-00C04F79EFBC}") = "TorneoManager.API", "TorneoManager.API.csproj", "{D229FF5E-72FD-99AA-8FE1-129633EF6713}"
EndProject
Global
	GlobalSection(SolutionConfigurationPlatforms) = preSolution
		Debug|Any CPU = Debug|Any CPU
		Release|Any CPU = Release|Any CPU
	EndGlobalSection
	GlobalSection(ProjectConfigurationPlatforms) = postSolution
		{D229FF5E-72FD-99AA-8FE1-129633EF6713}.Debug|Any CPU.ActiveCfg = Debug|Any CPU
		{D229FF5E-72FD-99AA-8FE1-129633EF6713}.Debug|Any CPU.Build.0 = Debug|Any CPU
		{D229FF5E-72FD-99AA-8FE1-129633EF6713}.Release|Any CPU.ActiveCfg = Release|Any CPU
		{D229FF5E-72FD-99AA-8FE1-129633EF6713}.Release|Any CPU.Build.0 = Release|Any CPU
	EndGlobalSection
	GlobalSection(SolutionProperties) = preSolution
		HideSolutionNode = FALSE
	EndGlobalSection
	GlobalSection(ExtensibilityGlobals) = postSolution
		SolutionGuid = {BFF89AAB-F7E4-4AA3-951D-15D2DBF228CD}
	EndGlobalSection
EndGlobal
